{
  "name": "Robot Framework",
  "lockfileVersion": 3,
  "requires": true,
  "packages": {
    "": {
      "dependencies": {
        "allure-commandline": "^2.38.1"
      }
    },
    "node_modules/allure-commandline": {
      "version": "2.38.1",
      "resolved": "https://registry.npmjs.org/allure-commandline/-/allure-commandline-2.38.1.tgz",
      "integrity": "sha512-qkoEz8/Y+K6XRlkJFmPEsT4bJFa2nHmYMkp6aEg6HaM4uewpJRI0jJsQhVWl8xZ6k6VtVr3vWnsAMPL5LPthvA==",
      "license": "Apache-2.0",
      "bin": {
        "allure": "bin/allure"
      }
    }
  }
}
